// !$*UTF8*$!
{
	archiveVersion = 1;
	classes = {
	};
	objectVersion = 55;
	objects = {

/* Begin PBXBuildFile section */
		005B9A2C97884107035C7973 /* Dependencies.framework in Frameworks */ = {isa = PBXBuildFile; fileRef = FFD4B291E919B0256BB7B96B /* Dependencies.framework */; };
		05BBEC6E5F826876D006A375 /* IdentifiedCollections.framework in Frameworks */ = {isa = PBXBuildFile; fileRef = ADA3918835E7E3EA985EDA04 /* IdentifiedCollections.framework */; };
		15EE9C9F2FD25048B698949D /* Et.swift in Sources */ = {isa = PBXBuildFile; fileRef = 590C241AB0E0367A9ECBCD3A /* Et.swift */; };
		1E70D62F02E2AEB46770C52B /* OrderedCollections.framework in Frameworks */ = {isa = PBXBuildFile; fileRef = D162BCE62FCB8F7B7E16D590 /* OrderedCollections.framework */; };
		24159F5DB2E7C48B7D70062A /* CasePathsCore.framework in Frameworks */ = {isa = PBXBuildFile; fileRef = 09ECD6CF4DB155D463BC18C3 /* CasePathsCore.framework */; };
		248A944FA9D7F2712374EB02 /* XCTestDynamicOverlay.framework in Frameworks */ = {isa = PBXBuildFile; fileRef = FBB8D63F268E423AC6FD23A4 /* XCTestDynamicOverlay.framework */; };
		275EEA37E6749FC6AC83EEFE /* DesignSystem.framework in Frameworks */ = {isa = PBXBuildFile; fileRef = 30610912F77B4CD3CFA4A042 /* DesignSystem.framework */; };
		2FCBC24A16A47586E8247EFF /* Perception.framework in Frameworks */ = {isa = PBXBuildFile; fileRef = 43E9A6FF81BF1A839F911E6F /* Perception.framework */; };
		332B0898400EE97871BE7F88 /* IssueReporting.framework in Frameworks */ = {isa = PBXBuildFile; fileRef = AC61D3BDA754AC0634D2FCAC /* IssueReporting.framework */; };
		3D23225E6D0B0CDF8E150DA4 /* InternalCollectionsUtilities.framework in Frameworks */ = {isa = PBXBuildFile; fileRef = E0762DE6D6405C6265445C0B /* InternalCollectionsUtilities.framework */; };
		3E0925DF5BC7CB9BD2DE6243 /* CasePaths.framework in Frameworks */ = {isa = PBXBuildFile; fileRef = C4C8219C1E359454A725952C /* CasePaths.framework */; };
		3E408D11A188C1AA4D97AF91 /* ConcurrencyExtras.framework in Frameworks */ = {isa = PBXBuildFile; fileRef = 78B7C7310D4E7501E256A090 /* ConcurrencyExtras.framework */; };
		3F090677961041803E8E21C1 /* SwiftNavigation.framework in Frameworks */ = {isa = PBXBuildFile; fileRef = 1379A05674157A138D101CE3 /* SwiftNavigation.framework */; };
		550747FEF6684CED9BC8541B /* Sharing1.framework in Frameworks */ = {isa = PBXBuildFile; fileRef = A162114B91DFCD223DDA79B7 /* Sharing1.framework */; };
		578D1B5CE29E7CC08C417915 /* DependenciesMacros.framework in Frameworks */ = {isa = PBXBuildFile; fileRef = B9C80A3723E6B7EED592F479 /* DependenciesMacros.framework */; };
		5D923E82D4A50EFA95A72E36 /* UIKitNavigationShim.framework in Frameworks */ = {isa = PBXBuildFile; fileRef = 4C09C581AF99219791E79E4E /* UIKitNavigationShim.framework */; };
		62FCDE7EBE646F6209A9FE38 /* ComposableArchitecture.framework in Frameworks */ = {isa = PBXBuildFile; fileRef = EB989B9B300C2C1DB4205B0F /* ComposableArchitecture.framework */; };
		6A6E4D59BD0E807E7EB1FB13 /* Sharing2.framework in Frameworks */ = {isa = PBXBuildFile; fileRef = 626ECF73C235760A20DD9244 /* Sharing2.framework */; };
		791DA68E4BAC8417782E90FF /* UIKitNavigation.framework in Frameworks */ = {isa = PBXBuildFile; fileRef = 7FF75D34FAE0E1373099B56E /* UIKitNavigation.framework */; };
		8AF898DEB3FD4A8AC6DD6288 /* CustomDump.framework in Frameworks */ = {isa = PBXBuildFile; fileRef = 0B08BB45187D091D2D7E084D /* CustomDump.framework */; };
		9C0DE630044B275CB4565AB4 /* PerceptionCore.framework in Frameworks */ = {isa = PBXBuildFile; fileRef = A4134C40E0E20EEA2A2E4CF7 /* PerceptionCore.framework */; };
		A08EC5BC7237F8F80BD19DD5 /* Clocks.framework in Frameworks */ = {isa = PBXBuildFile; fileRef = 9FDBC6664E46700F2C7ABAF3 /* Clocks.framework */; };
		D3EBC58E2F5C0CF3F6A611CF /* Sharing.framework in Frameworks */ = {isa = PBXBuildFile; fileRef = 4BB3F6E92C00D98DF1F7443D /* Sharing.framework */; };
		D532568B2AC9E85F9947C365 /* Core.framework in Frameworks */ = {isa = PBXBuildFile; fileRef = 6855BDD0E3F7282AC069FDE0 /* Core.framework */; };
		E84481B619FFE7BE1B21ED10 /* CombineSchedulers.framework in Frameworks */ = {isa = PBXBuildFile; fileRef = 7A5ABBFBFA835F6C65C1436C /* CombineSchedulers.framework */; };
		EC41A72E023656D163DCE92E /* IssueReportingPackageSupport.framework in Frameworks */ = {isa = PBXBuildFile; fileRef = D2839468AB9EF3230A10F3ED /* IssueReportingPackageSupport.framework */; };
		F748E8D9787897FE37C05EBC /* SwiftUINavigation.framework in Frameworks */ = {isa = PBXBuildFile; fileRef = 1E79AB31965F608094BBAAF4 /* SwiftUINavigation.framework */; };
/* End PBXBuildFile section */

/* Begin PBXCopyFilesBuildPhase section */
		B6743AAAE8CACBC9636F6312 /* Embed Frameworks */ = {
			isa = PBXCopyFilesBuildPhase;
			buildActionMask = 2147483647;
			dstPath = "";
			dstSubfolderSpec = 10;
			files = (
			);
			name = "Embed Frameworks";
			runOnlyForDeploymentPostprocessing = 0;
		};
/* End PBXCopyFilesBuildPhase section */

/* Begin PBXFileReference section */
		09ECD6CF4DB155D463BC18C3 /* CasePathsCore.framework */ = {isa = PBXFileReference; explicitFileType = wrapper.framework; includeInIndex = 0; path = CasePathsCore.framework; sourceTree = BUILT_PRODUCTS_DIR; };
		0B08BB45187D091D2D7E084D /* CustomDump.framework */ = {isa = PBXFileReference; explicitFileType = wrapper.framework; includeInIndex = 0; path = CustomDump.framework; sourceTree = BUILT_PRODUCTS_DIR; };
		1379A05674157A138D101CE3 /* SwiftNavigation.framework */ = {isa = PBXFileReference; explicitFileType = wrapper.framework; includeInIndex = 0; path = SwiftNavigation.framework; sourceTree = BUILT_PRODUCTS_DIR; };
		1DD26F1280C695B7036E9758 /* FeatureSchedule-Info.plist */ = {isa = PBXFileReference; lastKnownFileType = text.plist; path = "FeatureSchedule-Info.plist"; sourceTree = "<group>"; };
		1E79AB31965F608094BBAAF4 /* SwiftUINavigation.framework */ = {isa = PBXFileReference; explicitFileType = wrapper.framework; includeInIndex = 0; path = SwiftUINavigation.framework; sourceTree = BUILT_PRODUCTS_DIR; };
		30610912F77B4CD3CFA4A042 /* DesignSystem.framework */ = {isa = PBXFileReference; explicitFileType = wrapper.framework; includeInIndex = 0; path = DesignSystem.framework; sourceTree = BUILT_PRODUCTS_DIR; };
		43E9A6FF81BF1A839F911E6F /* Perception.framework */ = {isa = PBXFileReference; explicitFileType = wrapper.framework; includeInIndex = 0; path = Perception.framework; sourceTree = BUILT_PRODUCTS_DIR; };
		4BB3F6E92C00D98DF1F7443D /* Sharing.framework */ = {isa = PBXFileReference; explicitFileType = wrapper.framework; includeInIndex = 0; path = Sharing.framework; sourceTree = BUILT_PRODUCTS_DIR; };
		4C09C581AF99219791E79E4E /* UIKitNavigationShim.framework */ = {isa = PBXFileReference; explicitFileType = wrapper.framework; includeInIndex = 0; path = UIKitNavigationShim.framework; sourceTree = BUILT_PRODUCTS_DIR; };
		534FE9F82F5C9031C77C091D /* STAGE.xcconfig */ = {isa = PBXFileReference; lastKnownFileType = text.xcconfig; path = STAGE.xcconfig; sourceTree = "<group>"; };
		590C241AB0E0367A9ECBCD3A /* Et.swift */ = {isa = PBXFileReference; lastKnownFileType = sourcecode.swift; path = Et.swift; sourceTree = "<group>"; };
		626ECF73C235760A20DD9244 /* Sharing2.framework */ = {isa = PBXFileReference; explicitFileType = wrapper.framework; includeInIndex = 0; path = Sharing2.framework; sourceTree = BUILT_PRODUCTS_DIR; };
		6855BDD0E3F7282AC069FDE0 /* Core.framework */ = {isa = PBXFileReference; explicitFileType = wrapper.framework; includeInIndex = 0; path = Core.framework; sourceTree = BUILT_PRODUCTS_DIR; };
		78B7C7310D4E7501E256A090 /* ConcurrencyExtras.framework */ = {isa = PBXFileReference; explicitFileType = wrapper.framework; includeInIndex = 0; path = ConcurrencyExtras.framework; sourceTree = BUILT_PRODUCTS_DIR; };
		7A5ABBFBFA835F6C65C1436C /* CombineSchedulers.framework */ = {isa = PBXFileReference; explicitFileType = wrapper.framework; includeInIndex = 0; path = CombineSchedulers.framework; sourceTree = BUILT_PRODUCTS_DIR; };
		7FF75D34FAE0E1373099B56E /* UIKitNavigation.framework */ = {isa = PBXFileReference; explicitFileType = wrapper.framework; includeInIndex = 0; path = UIKitNavigation.framework; sourceTree = BUILT_PRODUCTS_DIR; };
		9FDBC6664E46700F2C7ABAF3 /* Clocks.framework */ = {isa = PBXFileReference; explicitFileType = wrapper.framework; includeInIndex = 0; path = Clocks.framework; sourceTree = BUILT_PRODUCTS_DIR; };
		A162114B91DFCD223DDA79B7 /* Sharing1.framework */ = {isa = PBXFileReference; explicitFileType = wrapper.framework; includeInIndex = 0; path = Sharing1.framework; sourceTree = BUILT_PRODUCTS_DIR; };
		A4134C40E0E20EEA2A2E4CF7 /* PerceptionCore.framework */ = {isa = PBXFileReference; explicitFileType = wrapper.framework; includeInIndex = 0; path = PerceptionCore.framework; sourceTree = BUILT_PRODUCTS_DIR; };
		ABACFE37D66842D0035E3A70 /* PROD.xcconfig */ = {isa = PBXFileReference; lastKnownFileType = text.xcconfig; path = PROD.xcconfig; sourceTree = "<group>"; };
		AC61D3BDA754AC0634D2FCAC /* IssueReporting.framework */ = {isa = PBXFileReference; explicitFileType = wrapper.framework; includeInIndex = 0; path = IssueReporting.framework; sourceTree = BUILT_PRODUCTS_DIR; };
		ADA3918835E7E3EA985EDA04 /* IdentifiedCollections.framework */ = {isa = PBXFileReference; explicitFileType = wrapper.framework; includeInIndex = 0; path = IdentifiedCollections.framework; sourceTree = BUILT_PRODUCTS_DIR; };
		B9C80A3723E6B7EED592F479 /* DependenciesMacros.framework */ = {isa = PBXFileReference; explicitFileType = wrapper.framework; includeInIndex = 0; path = DependenciesMacros.framework; sourceTree = BUILT_PRODUCTS_DIR; };
		C4C8219C1E359454A725952C /* CasePaths.framework */ = {isa = PBXFileReference; explicitFileType = wrapper.framework; includeInIndex = 0; path = CasePaths.framework; sourceTree = BUILT_PRODUCTS_DIR; };
		D162BCE62FCB8F7B7E16D590 /* OrderedCollections.framework */ = {isa = PBXFileReference; explicitFileType = wrapper.framework; includeInIndex = 0; path = OrderedCollections.framework; sourceTree = BUILT_PRODUCTS_DIR; };
		D2839468AB9EF3230A10F3ED /* IssueReportingPackageSupport.framework */ = {isa = PBXFileReference; explicitFileType = wrapper.framework; includeInIndex = 0; path = IssueReportingPackageSupport.framework; sourceTree = BUILT_PRODUCTS_DIR; };
		E0762DE6D6405C6265445C0B /* InternalCollectionsUtilities.framework */ = {isa = PBXFileReference; explicitFileType = wrapper.framework; includeInIndex = 0; path = InternalCollectionsUtilities.framework; sourceTree = BUILT_PRODUCTS_DIR; };
		EB989B9B300C2C1DB4205B0F /* ComposableArchitecture.framework */ = {isa = PBXFileReference; explicitFileType = wrapper.framework; includeInIndex = 0; path = ComposableArchitecture.framework; sourceTree = BUILT_PRODUCTS_DIR; };
		F8FD076F34AA7C4398FAC13C /* FeatureSchedule.framework */ = {isa = PBXFileReference; explicitFileType = wrapper.framework; includeInIndex = 0; path = FeatureSchedule.framework; sourceTree = BUILT_PRODUCTS_DIR; };
		FBB8D63F268E423AC6FD23A4 /* XCTestDynamicOverlay.framework */ = {isa = PBXFileReference; explicitFileType = wrapper.framework; includeInIndex = 0; path = XCTestDynamicOverlay.framework; sourceTree = BUILT_PRODUCTS_DIR; };
		FFD4B291E919B0256BB7B96B /* Dependencies.framework */ = {isa = PBXFileReference; explicitFileType = wrapper.framework; includeInIndex = 0; path = Dependencies.framework; sourceTree = BUILT_PRODUCTS_DIR; };
/* End PBXFileReference section */

/* Begin PBXFrameworksBuildPhase section */
		DA0B8E851908D33A594AD1EB /* Frameworks */ = {
			isa = PBXFrameworksBuildPhase;
			buildActionMask = 2147483647;
			files = (
				3E0925DF5BC7CB9BD2DE6243 /* CasePaths.framework in Frameworks */,
				24159F5DB2E7C48B7D70062A /* CasePathsCore.framework in Frameworks */,
				A08EC5BC7237F8F80BD19DD5 /* Clocks.framework in Frameworks */,
				E84481B619FFE7BE1B21ED10 /* CombineSchedulers.framework in Frameworks */,
				62FCDE7EBE646F6209A9FE38 /* ComposableArchitecture.framework in Frameworks */,
				3E408D11A188C1AA4D97AF91 /* ConcurrencyExtras.framework in Frameworks */,
				D532568B2AC9E85F9947C365 /* Core.framework in Frameworks */,
				8AF898DEB3FD4A8AC6DD6288 /* CustomDump.framework in Frameworks */,
				005B9A2C97884107035C7973 /* Dependencies.framework in Frameworks */,
				578D1B5CE29E7CC08C417915 /* DependenciesMacros.framework in Frameworks */,
				275EEA37E6749FC6AC83EEFE /* DesignSystem.framework in Frameworks */,
				05BBEC6E5F826876D006A375 /* IdentifiedCollections.framework in Frameworks */,
				3D23225E6D0B0CDF8E150DA4 /* InternalCollectionsUtilities.framework in Frameworks */,
				332B0898400EE97871BE7F88 /* IssueReporting.framework in Frameworks */,
				EC41A72E023656D163DCE92E /* IssueReportingPackageSupport.framework in Frameworks */,
				1E70D62F02E2AEB46770C52B /* OrderedCollections.framework in Frameworks */,
				2FCBC24A16A47586E8247EFF /* Perception.framework in Frameworks */,
				9C0DE630044B275CB4565AB4 /* PerceptionCore.framework in Frameworks */,
				D3EBC58E2F5C0CF3F6A611CF /* Sharing.framework in Frameworks */,
				550747FEF6684CED9BC8541B /* Sharing1.framework in Frameworks */,
				6A6E4D59BD0E807E7EB1FB13 /* Sharing2.framework in Frameworks */,
				3F090677961041803E8E21C1 /* SwiftNavigation.framework in Frameworks */,
				F748E8D9787897FE37C05EBC /* SwiftUINavigation.framework in Frameworks */,
				791DA68E4BAC8417782E90FF /* UIKitNavigation.framework in Frameworks */,
				5D923E82D4A50EFA95A72E36 /* UIKitNavigationShim.framework in Frameworks */,
				248A944FA9D7F2712374EB02 /* XCTestDynamicOverlay.framework in Frameworks */,
			);
			runOnlyForDeploymentPostprocessing = 0;
		};
/* End PBXFrameworksBuildPhase section */

/* Begin PBXGroup section */
		1E8102E06BA4E5393E453978 /* XCConfig */ = {
			isa = PBXGroup;
			children = (
				787F3B4C531EBA0A9C8A0B13 /* FeatureSchedule */,
			);
			name = XCConfig;
			path = ../../../XCConfig;
			sourceTree = "<group>";
		};
		5B1E09E9C310BE1453503CDF /* Sources */ = {
			isa = PBXGroup;
			children = (
				590C241AB0E0367A9ECBCD3A /* Et.swift */,
			);
			path = Sources;
			sourceTree = "<group>";
		};
		67904A1FDCC04A0EFCCF33A4 /* InfoPlists */ = {
			isa = PBXGroup;
			children = (
				1DD26F1280C695B7036E9758 /* FeatureSchedule-Info.plist */,
			);
			path = InfoPlists;
			sourceTree = "<group>";
		};
		787F3B4C531EBA0A9C8A0B13 /* FeatureSchedule */ = {
			isa = PBXGroup;
			children = (
				ABACFE37D66842D0035E3A70 /* PROD.xcconfig */,
				534FE9F82F5C9031C77C091D /* STAGE.xcconfig */,
			);
			path = FeatureSchedule;
			sourceTree = "<group>";
		};
		9C7C1105DA12186CA0BA0F81 /* Derived */ = {
			isa = PBXGroup;
			children = (
				67904A1FDCC04A0EFCCF33A4 /* InfoPlists */,
			);
			path = Derived;
			sourceTree = "<group>";
		};
		B54AE5D945C92661E600FBBC /* Project */ = {
			isa = PBXGroup;
			children = (
				9C7C1105DA12186CA0BA0F81 /* Derived */,
				5B1E09E9C310BE1453503CDF /* Sources */,
				1E8102E06BA4E5393E453978 /* XCConfig */,
			);
			name = Project;
			sourceTree = "<group>";
		};
		CAB8E20830FDF9EAEB4B11E3 /* Products */ = {
			isa = PBXGroup;
			children = (
				C4C8219C1E359454A725952C /* CasePaths.framework */,
				09ECD6CF4DB155D463BC18C3 /* CasePathsCore.framework */,
				9FDBC6664E46700F2C7ABAF3 /* Clocks.framework */,
				7A5ABBFBFA835F6C65C1436C /* CombineSchedulers.framework */,
				EB989B9B300C2C1DB4205B0F /* ComposableArchitecture.framework */,
				78B7C7310D4E7501E256A090 /* ConcurrencyExtras.framework */,
				6855BDD0E3F7282AC069FDE0 /* Core.framework */,
				0B08BB45187D091D2D7E084D /* CustomDump.framework */,
				FFD4B291E919B0256BB7B96B /* Dependencies.framework */,
				B9C80A3723E6B7EED592F479 /* DependenciesMacros.framework */,
				30610912F77B4CD3CFA4A042 /* DesignSystem.framework */,
				F8FD076F34AA7C4398FAC13C /* FeatureSchedule.framework */,
				ADA3918835E7E3EA985EDA04 /* IdentifiedCollections.framework */,
				E0762DE6D6405C6265445C0B /* InternalCollectionsUtilities.framework */,
				AC61D3BDA754AC0634D2FCAC /* IssueReporting.framework */,
				D2839468AB9EF3230A10F3ED /* IssueReportingPackageSupport.framework */,
				D162BCE62FCB8F7B7E16D590 /* OrderedCollections.framework */,
				43E9A6FF81BF1A839F911E6F /* Perception.framework */,
				A4134C40E0E20EEA2A2E4CF7 /* PerceptionCore.framework */,
				4BB3F6E92C00D98DF1F7443D /* Sharing.framework */,
				A162114B91DFCD223DDA79B7 /* Sharing1.framework */,
				626ECF73C235760A20DD9244 /* Sharing2.framework */,
				1379A05674157A138D101CE3 /* SwiftNavigation.framework */,
				1E79AB31965F608094BBAAF4 /* SwiftUINavigation.framework */,
				7FF75D34FAE0E1373099B56E /* UIKitNavigation.framework */,
				4C09C581AF99219791E79E4E /* UIKitNavigationShim.framework */,
				FBB8D63F268E423AC6FD23A4 /* XCTestDynamicOverlay.framework */,
			);
			name = Products;
			sourceTree = "<group>";
		};
		E72B42AC0C2BF0D8FC7237D7 = {
			isa = PBXGroup;
			children = (
				B54AE5D945C92661E600FBBC /* Project */,
				CAB8E20830FDF9EAEB4B11E3 /* Products */,
			);
			sourceTree = "<group>";
		};
/* End PBXGroup section */

/* Begin PBXNativeTarget section */
		1C4E9BFE448EEFE450F3F2DD /* FeatureSchedule */ = {
			isa = PBXNativeTarget;
			buildConfigurationList = A074645EB3CEE8B6D6E297F2 /* Build configuration list for PBXNativeTarget "FeatureSchedule" */;
			buildPhases = (
				DB37CB33042A34FA37180CA0 /* SwiftLint */,
				904B40DFC77F237C1A2C77F5 /* Sources */,
				4A1C040E16C62C2692B57FAB /* Resources */,
				B6743AAAE8CACBC9636F6312 /* Embed Frameworks */,
				DA0B8E851908D33A594AD1EB /* Frameworks */,
			);
			buildRules = (
			);
			dependencies = (
			);
			name = FeatureSchedule;
			packageProductDependencies = (
			);
			productName = FeatureSchedule;
			productReference = F8FD076F34AA7C4398FAC13C /* FeatureSchedule.framework */;
			productType = "com.apple.product-type.framework";
		};
/* End PBXNativeTarget section */

/* Begin PBXProject section */
		8DB8C599563B774030C35001 /* Project object */ = {
			isa = PBXProject;
			attributes = {
				BuildIndependentTargetsInParallel = YES;
				ORGANIZATIONNAME = com.finda.app;
				TargetAttributes = {
				};
			};
			buildConfigurationList = 6726D98574B439D7298F4B42 /* Build configuration list for PBXProject "FeatureSchedule" */;
			compatibilityVersion = "Xcode 14.0";
			developmentRegion = en;
			hasScannedForEncodings = 0;
			knownRegions = (
				Base,
				en,
			);
			mainGroup = E72B42AC0C2BF0D8FC7237D7;
			productRefGroup = CAB8E20830FDF9EAEB4B11E3 /* Products */;
			projectDirPath = "";
			projectRoot = "";
			targets = (
				1C4E9BFE448EEFE450F3F2DD /* FeatureSchedule */,
			);
		};
/* End PBXProject section */

/* Begin PBXResourcesBuildPhase section */
		4A1C040E16C62C2692B57FAB /* Resources */ = {
			isa = PBXResourcesBuildPhase;
			buildActionMask = 2147483647;
			files = (
			);
			runOnlyForDeploymentPostprocessing = 0;
		};
/* End PBXResourcesBuildPhase section */

/* Begin PBXShellScriptBuildPhase section */
		DB37CB33042A34FA37180CA0 /* SwiftLint */ = {
			isa = PBXShellScriptBuildPhase;
			alwaysOutOfDate = 1;
			buildActionMask = 2147483647;
			files = (
			);
			inputFileListPaths = (
			);
			inputPaths = (
			);
			name = SwiftLint;
			outputFileListPaths = (
			);
			outputPaths = (
			);
			runOnlyForDeploymentPostprocessing = 0;
			shellPath = /bin/sh;
			shellScript = "\"$SRCROOT\"/../../../Scripts/SwiftLintRunScript.sh ";
		};
/* End PBXShellScriptBuildPhase section */

/* Begin PBXSourcesBuildPhase section */
		904B40DFC77F237C1A2C77F5 /* Sources */ = {
			isa = PBXSourcesBuildPhase;
			buildActionMask = 2147483647;
			files = (
				15EE9C9F2FD25048B698949D /* Et.swift in Sources */,
			);
			runOnlyForDeploymentPostprocessing = 0;
		};
/* End PBXSourcesBuildPhase section */

/* Begin XCBuildConfiguration section */
		179384B41DAF2B716D2C735F /* PROD */ = {
			isa = XCBuildConfiguration;
			buildSettings = {
				CODE_SIGN_IDENTITY = "";
				CURRENT_PROJECT_VERSION = 1;
				DEFINES_MODULE = YES;
				DYLIB_COMPATIBILITY_VERSION = 1;
				DYLIB_CURRENT_VERSION = 1;
				DYLIB_INSTALL_NAME_BASE = "@rpath";
				HEADER_SEARCH_PATHS = (
					"$(inherited)",
					"$(inherited)",
					"$(SRCROOT)/../../../Tuist/.build/checkouts/swift-navigation/Sources/UIKitNavigationShim/include",
					"$(SRCROOT)/../../../Tuist/.build/checkouts/swift-syntax/Sources/_SwiftSyntaxCShims/include",
				);
				INFOPLIST_FILE = "Derived/InfoPlists/FeatureSchedule-Info.plist";
				INSTALL_PATH = "$(LOCAL_LIBRARY_DIR)/Frameworks";
				IPHONEOS_DEPLOYMENT_TARGET = 16.0;
				LD_RUNPATH_SEARCH_PATHS = (
					"$(inherited)",
					"@executable_path/Frameworks",
					"@loader_path/Frameworks",
				);
				OTHER_CFLAGS = (
					"$(inherited)",
					"-fmodule-map-file=$(SRCROOT)/../../../Tuist/.build/checkouts/swift-syntax/Sources/_SwiftSyntaxCShims/include/module.modulemap",
					"-fmodule-map-file=$(SRCROOT)/../../../Tuist/.build/tuist-derived/UIKitNavigationShim/UIKitNavigationShim.modulemap",
				);
				OTHER_SWIFT_FLAGS = (
					"$(inherited)",
					"-Xcc",
					"-fmodule-map-file=$(SRCROOT)/../../../Tuist/.build/checkouts/swift-syntax/Sources/_SwiftSyntaxCShims/include/module.modulemap",
					"-Xcc",
					"-fmodule-map-file=$(SRCROOT)/../../../Tuist/.build/tuist-derived/UIKitNavigationShim/UIKitNavigationShim.modulemap",
					"-load-plugin-executable",
					"$BUILD_DIR/Debug$EFFECTIVE_PLATFORM_NAME/CasePathsMacros#CasePathsMacros",
					"-load-plugin-executable",
					"$BUILD_DIR/Debug$EFFECTIVE_PLATFORM_NAME/ComposableArchitectureMacros#ComposableArchitectureMacros",
					"-load-plugin-executable",
					"$BUILD_DIR/Debug$EFFECTIVE_PLATFORM_NAME/DependenciesMacrosPlugin#DependenciesMacrosPlugin",
					"-load-plugin-executable",
					"$BUILD_DIR/Debug$EFFECTIVE_PLATFORM_NAME/PerceptionMacros#PerceptionMacros",
				);
				PRODUCT_BUNDLE_IDENTIFIER = com.finda.app.featureschedule;
				PRODUCT_NAME = FeatureSchedule;
				SDKROOT = iphoneos;
				SKIP_INSTALL = YES;
				SUPPORTS_MACCATALYST = NO;
				SUPPORTS_MAC_DESIGNED_FOR_IPHONE_IPAD = YES;
				SUPPORTS_XR_DESIGNED_FOR_IPHONE_IPAD = NO;
				SWIFT_COMPILATION_MODE = wholemodule;
				SWIFT_OPTIMIZATION_LEVEL = "-Owholemodule";
				SWIFT_VERSION = 5.0;
				TARGETED_DEVICE_FAMILY = "1,2";
				VERSIONING_SYSTEM = "apple-generic";
				VERSION_INFO_PREFIX = "";
			};
			name = PROD;
		};
		A8E239D1CF4F7EBB226E86C2 /* PROD */ = {
			isa = XCBuildConfiguration;
			baseConfigurationReference = ABACFE37D66842D0035E3A70 /* PROD.xcconfig */;
			buildSettings = {
				ALWAYS_SEARCH_USER_PATHS = NO;
				CLANG_ANALYZER_LOCALIZABILITY_NONLOCALIZED = YES;
				CLANG_ANALYZER_NONNULL = YES;
				CLANG_ANALYZER_NUMBER_OBJECT_CONVERSION = YES_AGGRESSIVE;
				CLANG_CXX_LANGUAGE_STANDARD = "gnu++14";
				CLANG_CXX_LIBRARY = "libc++";
				CLANG_ENABLE_MODULES = YES;
				CLANG_ENABLE_OBJC_ARC = YES;
				CLANG_ENABLE_OBJC_WEAK = YES;
				CLANG_WARN_BLOCK_CAPTURE_AUTORELEASING = YES;
				CLANG_WARN_BOOL_CONVERSION = YES;
				CLANG_WARN_COMMA = YES;
				CLANG_WARN_CONSTANT_CONVERSION = YES;
				CLANG_WARN_DEPRECATED_OBJC_IMPLEMENTATIONS = YES;
				CLANG_WARN_DIRECT_OBJC_ISA_USAGE = YES_ERROR;
				CLANG_WARN_DOCUMENTATION_COMMENTS = YES;
				CLANG_WARN_EMPTY_BODY = YES;
				CLANG_WARN_ENUM_CONVERSION = YES;
				CLANG_WARN_INFINITE_RECURSION = YES;
				CLANG_WARN_INT_CONVERSION = YES;
				CLANG_WARN_NON_LITERAL_NULL_CONVERSION = YES;
				CLANG_WARN_OBJC_IMPLICIT_RETAIN_SELF = YES;
				CLANG_WARN_OBJC_LITERAL_CONVERSION = YES;
				CLANG_WARN_OBJC_ROOT_CLASS = YES_ERROR;
				CLANG_WARN_QUOTED_INCLUDE_IN_FRAMEWORK_HEADER = YES;
				CLANG_WARN_RANGE_LOOP_ANALYSIS = YES;
				CLANG_WARN_STRICT_PROTOTYPES = YES;
				CLANG_WARN_SUSPICIOUS_MOVE = YES;
				CLANG_WARN_UNGUARDED_AVAILABILITY = YES_AGGRESSIVE;
				CLANG_WARN_UNREACHABLE_CODE = YES;
				CLANG_WARN__DUPLICATE_METHOD_MATCH = YES;
				CODE_SIGN_IDENTITY = "Apple Development";
				CODE_SIGN_STYLE = Automatic;
				COPY_PHASE_STRIP = NO;
				DEAD_CODE_STRIPPING = YES;
				DEBUG_INFORMATION_FORMAT = "dwarf-with-dsym";
				DEVELOPMENT_TEAM = Z25H7B85Z8;
				ENABLE_NS_ASSERTIONS = NO;
				ENABLE_STRICT_OBJC_MSGSEND = YES;
				GCC_C_LANGUAGE_STANDARD = gnu11;
				GCC_NO_COMMON_BLOCKS = YES;
				GCC_WARN_64_TO_32_BIT_CONVERSION = YES;
				GCC_WARN_ABOUT_RETURN_TYPE = YES_ERROR;
				GCC_WARN_UNDECLARED_SELECTOR = YES;
				GCC_WARN_UNINITIALIZED_AUTOS = YES_AGGRESSIVE;
				GCC_WARN_UNUSED_FUNCTION = YES;
				GCC_WARN_UNUSED_VARIABLE = YES;
				MTL_ENABLE_DEBUG_INFO = NO;
				OTHER_LDFLAGS = "$(inherited) -Objc";
				"OTHER_LDFLAGS[config=Debug]" = "$(inherited)";
				"OTHER_LDFLAGS[config=Prod]" = "$(inherited) -all_load";
				"OTHER_LDFLAGS[config=Stage]" = "$(inherited) -all_load";
				PRODUCT_NAME = "$(TARGET_NAME)";
				VALIDATE_PRODUCT = YES;
			};
			name = PROD;
		};
		B4A69395D907C1DF08011F55 /* STAGE */ = {
			isa = XCBuildConfiguration;
			buildSettings = {
				CODE_SIGN_IDENTITY = "";
				CURRENT_PROJECT_VERSION = 1;
				DEFINES_MODULE = YES;
				DYLIB_COMPATIBILITY_VERSION = 1;
				DYLIB_CURRENT_VERSION = 1;
				DYLIB_INSTALL_NAME_BASE = "@rpath";
				HEADER_SEARCH_PATHS = (
					"$(inherited)",
					"$(inherited)",
					"$(SRCROOT)/../../../Tuist/.build/checkouts/swift-navigation/Sources/UIKitNavigationShim/include",
					"$(SRCROOT)/../../../Tuist/.build/checkouts/swift-syntax/Sources/_SwiftSyntaxCShims/include",
				);
				INFOPLIST_FILE = "Derived/InfoPlists/FeatureSchedule-Info.plist";
				INSTALL_PATH = "$(LOCAL_LIBRARY_DIR)/Frameworks";
				IPHONEOS_DEPLOYMENT_TARGET = 16.0;
				LD_RUNPATH_SEARCH_PATHS = (
					"$(inherited)",
					"@executable_path/Frameworks",
					"@loader_path/Frameworks",
				);
				OTHER_CFLAGS = (
					"$(inherited)",
					"-fmodule-map-file=$(SRCROOT)/../../../Tuist/.build/checkouts/swift-syntax/Sources/_SwiftSyntaxCShims/include/module.modulemap",
					"-fmodule-map-file=$(SRCROOT)/../../../Tuist/.build/tuist-derived/UIKitNavigationShim/UIKitNavigationShim.modulemap",
				);
				OTHER_SWIFT_FLAGS = (
					"$(inherited)",
					"-Xcc",
					"-fmodule-map-file=$(SRCROOT)/../../../Tuist/.build/checkouts/swift-syntax/Sources/_SwiftSyntaxCShims/include/module.modulemap",
					"-Xcc",
					"-fmodule-map-file=$(SRCROOT)/../../../Tuist/.build/tuist-derived/UIKitNavigationShim/UIKitNavigationShim.modulemap",
					"-load-plugin-executable",
					"$BUILD_DIR/Debug$EFFECTIVE_PLATFORM_NAME/CasePathsMacros#CasePathsMacros",
					"-load-plugin-executable",
					"$BUILD_DIR/Debug$EFFECTIVE_PLATFORM_NAME/ComposableArchitectureMacros#ComposableArchitectureMacros",
					"-load-plugin-executable",
					"$BUILD_DIR/Debug$EFFECTIVE_PLATFORM_NAME/DependenciesMacrosPlugin#DependenciesMacrosPlugin",
					"-load-plugin-executable",
					"$BUILD_DIR/Debug$EFFECTIVE_PLATFORM_NAME/PerceptionMacros#PerceptionMacros",
				);
				PRODUCT_BUNDLE_IDENTIFIER = com.finda.app.featureschedule;
				PRODUCT_NAME = FeatureSchedule;
				SDKROOT = iphoneos;
				SKIP_INSTALL = YES;
				SUPPORTS_MACCATALYST = NO;
				SUPPORTS_MAC_DESIGNED_FOR_IPHONE_IPAD = YES;
				SUPPORTS_XR_DESIGNED_FOR_IPHONE_IPAD = NO;
				SWIFT_ACTIVE_COMPILATION_CONDITIONS = (
					"$(inherited)",
					DEBUG,
				);
				SWIFT_COMPILATION_MODE = singlefile;
				SWIFT_OPTIMIZATION_LEVEL = "-Onone";
				SWIFT_VERSION = 5.0;
				TARGETED_DEVICE_FAMILY = "1,2";
				VERSIONING_SYSTEM = "apple-generic";
				VERSION_INFO_PREFIX = "";
			};
			name = STAGE;
		};
		ED1C9AB8804C898EF589E925 /* STAGE */ = {
			isa = XCBuildConfiguration;
			baseConfigurationReference = 534FE9F82F5C9031C77C091D /* STAGE.xcconfig */;
			buildSettings = {
				ALWAYS_SEARCH_USER_PATHS = NO;
				CLANG_ANALYZER_LOCALIZABILITY_NONLOCALIZED = YES;
				CLANG_ANALYZER_NONNULL = YES;
				CLANG_ANALYZER_NUMBER_OBJECT_CONVERSION = YES_AGGRESSIVE;
				CLANG_CXX_LANGUAGE_STANDARD = "gnu++14";
				CLANG_CXX_LIBRARY = "libc++";
				CLANG_ENABLE_MODULES = YES;
				CLANG_ENABLE_OBJC_ARC = YES;
				CLANG_ENABLE_OBJC_WEAK = YES;
				CLANG_WARN_BLOCK_CAPTURE_AUTORELEASING = YES;
				CLANG_WARN_BOOL_CONVERSION = YES;
				CLANG_WARN_COMMA = YES;
				CLANG_WARN_CONSTANT_CONVERSION = YES;
				CLANG_WARN_DEPRECATED_OBJC_IMPLEMENTATIONS = YES;
				CLANG_WARN_DIRECT_OBJC_ISA_USAGE = YES_ERROR;
				CLANG_WARN_DOCUMENTATION_COMMENTS = YES;
				CLANG_WARN_EMPTY_BODY = YES;
				CLANG_WARN_ENUM_CONVERSION = YES;
				CLANG_WARN_INFINITE_RECURSION = YES;
				CLANG_WARN_INT_CONVERSION = YES;
				CLANG_WARN_NON_LITERAL_NULL_CONVERSION = YES;
				CLANG_WARN_OBJC_IMPLICIT_RETAIN_SELF = YES;
				CLANG_WARN_OBJC_LITERAL_CONVERSION = YES;
				CLANG_WARN_OBJC_ROOT_CLASS = YES_ERROR;
				CLANG_WARN_QUOTED_INCLUDE_IN_FRAMEWORK_HEADER = YES;
				CLANG_WARN_RANGE_LOOP_ANALYSIS = YES;
				CLANG_WARN_STRICT_PROTOTYPES = YES;
				CLANG_WARN_SUSPICIOUS_MOVE = YES;
				CLANG_WARN_UNGUARDED_AVAILABILITY = YES_AGGRESSIVE;
				CLANG_WARN_UNREACHABLE_CODE = YES;
				CLANG_WARN__DUPLICATE_METHOD_MATCH = YES;
				CODE_SIGN_IDENTITY = "Apple Development";
				CODE_SIGN_STYLE = Automatic;
				COPY_PHASE_STRIP = NO;
				DEAD_CODE_STRIPPING = YES;
				DEBUG_INFORMATION_FORMAT = dwarf;
				DEVELOPMENT_TEAM = Z25H7B85Z8;
				ENABLE_STRICT_OBJC_MSGSEND = YES;
				ENABLE_TESTABILITY = YES;
				GCC_C_LANGUAGE_STANDARD = gnu11;
				GCC_DYNAMIC_NO_PIC = NO;
				GCC_NO_COMMON_BLOCKS = YES;
				GCC_OPTIMIZATION_LEVEL = 0;
				GCC_PREPROCESSOR_DEFINITIONS = (
					"DEBUG=1",
					"$(inherited)",
				);
				GCC_WARN_64_TO_32_BIT_CONVERSION = YES;
				GCC_WARN_ABOUT_RETURN_TYPE = YES_ERROR;
				GCC_WARN_UNDECLARED_SELECTOR = YES;
				GCC_WARN_UNINITIALIZED_AUTOS = YES_AGGRESSIVE;
				GCC_WARN_UNUSED_FUNCTION = YES;
				GCC_WARN_UNUSED_VARIABLE = YES;
				MTL_ENABLE_DEBUG_INFO = YES;
				ONLY_ACTIVE_ARCH = YES;
				OTHER_LDFLAGS = "$(inherited) -Objc";
				"OTHER_LDFLAGS[config=Debug]" = "$(inherited)";
				"OTHER_LDFLAGS[config=Prod]" = "$(inherited) -all_load";
				"OTHER_LDFLAGS[config=Stage]" = "$(inherited) -all_load";
				PRODUCT_NAME = "$(TARGET_NAME)";
			};
			name = STAGE;
		};
/* End XCBuildConfiguration section */

/* Begin XCConfigurationList section */
		6726D98574B439D7298F4B42 /* Build configuration list for PBXProject "FeatureSchedule" */ = {
			isa = XCConfigurationList;
			buildConfigurations = (
				A8E239D1CF4F7EBB226E86C2 /* PROD */,
				ED1C9AB8804C898EF589E925 /* STAGE */,
			);
			defaultConfigurationIsVisible = 0;
			defaultConfigurationName = PROD;
		};
		A074645EB3CEE8B6D6E297F2 /* Build configuration list for PBXNativeTarget "FeatureSchedule" */ = {
			isa = XCConfigurationList;
			buildConfigurations = (
				179384B41DAF2B716D2C735F /* PROD */,
				B4A69395D907C1DF08011F55 /* STAGE */,
			);
			defaultConfigurationIsVisible = 0;
			defaultConfigurationName = PROD;
		};
/* End XCConfigurationList section */
	};
	rootObject = 8DB8C599563B774030C35001 /* Project object */;
}
